// !$*UTF8*$!
{
	archiveVersion = 1;
	classes = {
	};
	objectVersion = 56;
	objects = {

/* Begin PBXBuildFile section */
		5B159BCE296433FF00B89396 /* Extensions.swift in Sources */ = {isa = PBXBuildFile; fileRef = 5B159BCD296433FF00B89396 /* Extensions.swift */; };
		5B46C3D0296BF64800B3EF09 /* grid.png in Resources */ = {isa = PBXBuildFile; fileRef = 5B46C3CE296BF64800B3EF09 /* grid.png */; };
		5B46C3D2296BFC4100B3EF09 /* tag.png in Resources */ = {isa = PBXBuildFile; fileRef = 5B46C3D1296BFC4100B3EF09 /* tag.png */; };
		5B46C3D6296BFCE900B3EF09 /* invite.png in Resources */ = {isa = PBXBuildFile; fileRef = 5B46C3D5296BFCE900B3EF09 /* invite.png */; };
		5B52F0C4296BFFBB00E9501F /* menu.png in Resources */ = {isa = PBXBuildFile; fileRef = 5B52F0C3296BFFBB00E9501F /* menu.png */; };
		5B52F0C6296C0EF600E9501F /* UserFollowTableViewCell.swift in Sources */ = {isa = PBXBuildFile; fileRef = 5B52F0C5296C0EF600E9501F /* UserFollowTableViewCell.swift */; };
		5BE2B2A22963D0AB008F3BD2 /* AppDelegate.swift in Sources */ = {isa = PBXBuildFile; fileRef = 5BE2B2A12963D0AB008F3BD2 /* AppDelegate.swift */; };
		5BE2B2A42963D0AB008F3BD2 /* SceneDelegate.swift in Sources */ = {isa = PBXBuildFile; fileRef = 5BE2B2A32963D0AB008F3BD2 /* SceneDelegate.swift */; };
		5BE2B2A62963D0AB008F3BD2 /* HomeViewController.swift in Sources */ = {isa = PBXBuildFile; fileRef = 5BE2B2A52963D0AB008F3BD2 /* HomeViewController.swift */; };
		5BE2B2A92963D0AB008F3BD2 /* Main.storyboard in Resources */ = {isa = PBXBuildFile; fileRef = 5BE2B2A72963D0AB008F3BD2 /* Main.storyboard */; };
		5BE2B2AB2963D0AC008F3BD2 /* Assets.xcassets in Resources */ = {isa = PBXBuildFile; fileRef = 5BE2B2AA2963D0AC008F3BD2 /* Assets.xcassets */; };
		5BE2B2AE2963D0AC008F3BD2 /* LaunchScreen.storyboard in Resources */ = {isa = PBXBuildFile; fileRef = 5BE2B2AC2963D0AC008F3BD2 /* LaunchScreen.storyboard */; };
		5BE2B2BB2963D4E7008F3BD2 /* ExploreViewController.swift in Sources */ = {isa = PBXBuildFile; fileRef = 5BE2B2BA2963D4E7008F3BD2 /* ExploreViewController.swift */; };
		5BE2B2BD2963D50F008F3BD2 /* CameraViewController.swift in Sources */ = {isa = PBXBuildFile; fileRef = 5BE2B2BC2963D50F008F3BD2 /* CameraViewController.swift */; };
		5BE2B2C02963D53E008F3BD2 /* NotificationViewController.swift in Sources */ = {isa = PBXBuildFile; fileRef = 5BE2B2BF2963D53E008F3BD2 /* NotificationViewController.swift */; };
		5BE2B2C22963D556008F3BD2 /* ProfileViewController.swift in Sources */ = {isa = PBXBuildFile; fileRef = 5BE2B2C12963D556008F3BD2 /* ProfileViewController.swift */; };
		5BE2B2C72963D757008F3BD2 /* LoginViewController.swift in Sources */ = {isa = PBXBuildFile; fileRef = 5BE2B2C62963D757008F3BD2 /* LoginViewController.swift */; };
		5BE2B2C92963D773008F3BD2 /* RegistrationViewController.swift in Sources */ = {isa = PBXBuildFile; fileRef = 5BE2B2C82963D773008F3BD2 /* RegistrationViewController.swift */; };
		5BE2B2CB2963D7A0008F3BD2 /* PostViewController.swift in Sources */ = {isa = PBXBuildFile; fileRef = 5BE2B2CA2963D7A0008F3BD2 /* PostViewController.swift */; };
		5BE2B2CD2963D809008F3BD2 /* EditProfileViewController.swift in Sources */ = {isa = PBXBuildFile; fileRef = 5BE2B2CC2963D809008F3BD2 /* EditProfileViewController.swift */; };
		5BE2B2CF2963D81E008F3BD2 /* SettingsViewController.swift in Sources */ = {isa = PBXBuildFile; fileRef = 5BE2B2CE2963D81E008F3BD2 /* SettingsViewController.swift */; };
		5BE2B2D12963D840008F3BD2 /* ListViewController.swift in Sources */ = {isa = PBXBuildFile; fileRef = 5BE2B2D02963D840008F3BD2 /* ListViewController.swift */; };
		5BE2B2D32963D856008F3BD2 /* SearchViewController.swift in Sources */ = {isa = PBXBuildFile; fileRef = 5BE2B2D22963D856008F3BD2 /* SearchViewController.swift */; };
		5BE2B2D52963D86B008F3BD2 /* SearchResultViewController.swift in Sources */ = {isa = PBXBuildFile; fileRef = 5BE2B2D42963D86B008F3BD2 /* SearchResultViewController.swift */; };
		5BE2B2D72963D89D008F3BD2 /* PostEditorViewController.swift in Sources */ = {isa = PBXBuildFile; fileRef = 5BE2B2D62963D89D008F3BD2 /* PostEditorViewController.swift */; };
		5BE2B2D92963D8CA008F3BD2 /* PublishPostViewController.swift in Sources */ = {isa = PBXBuildFile; fileRef = 5BE2B2D82963D8CA008F3BD2 /* PublishPostViewController.swift */; };
		5BE2B2DF2963E053008F3BD2 /* home.png in Resources */ = {isa = PBXBuildFile; fileRef = 5BE2B2DE2963E053008F3BD2 /* home.png */; };
		5BE2B2E12963E106008F3BD2 /* search.png in Resources */ = {isa = PBXBuildFile; fileRef = 5BE2B2E02963E106008F3BD2 /* search.png */; };
		5BE2B2E32963E13A008F3BD2 /* video.png in Resources */ = {isa = PBXBuildFile; fileRef = 5BE2B2E22963E13A008F3BD2 /* video.png */; };
		5BE2B2E52963E190008F3BD2 /* heart.png in Resources */ = {isa = PBXBuildFile; fileRef = 5BE2B2E42963E190008F3BD2 /* heart.png */; };
		5BE2B2E92963E272008F3BD2 /* user.png in Resources */ = {isa = PBXBuildFile; fileRef = 5BE2B2E82963E272008F3BD2 /* user.png */; };
		5BE2B2EB2964179B008F3BD2 /* GoogleService-Info.plist in Resources */ = {isa = PBXBuildFile; fileRef = 5BE2B2EA2964179A008F3BD2 /* GoogleService-Info.plist */; };
		5BE2B2EE29641F11008F3BD2 /* DatabaseManager.swift in Sources */ = {isa = PBXBuildFile; fileRef = 5BE2B2ED29641F11008F3BD2 /* DatabaseManager.swift */; };
		5BE2B2F029641FFE008F3BD2 /* AuthManager.swift in Sources */ = {isa = PBXBuildFile; fileRef = 5BE2B2EF29641FFE008F3BD2 /* AuthManager.swift */; };
		5BE2B2F2296421AE008F3BD2 /* StorageManager.swift in Sources */ = {isa = PBXBuildFile; fileRef = 5BE2B2F1296421AE008F3BD2 /* StorageManager.swift */; };
		5BED8A952967D32500A865B8 /* PhotoCollectionViewCell.swift in Sources */ = {isa = PBXBuildFile; fileRef = 5BED8A942967D32500A865B8 /* PhotoCollectionViewCell.swift */; };
		5BED8A972967D4F800A865B8 /* ProfileInfoHeaderCollectionReusableView.swift in Sources */ = {isa = PBXBuildFile; fileRef = 5BED8A962967D4F800A865B8 /* ProfileInfoHeaderCollectionReusableView.swift */; };
		5BED8A992967D5AB00A865B8 /* ProfileTabsCollectionReusableView.swift in Sources */ = {isa = PBXBuildFile; fileRef = 5BED8A982967D5AA00A865B8 /* ProfileTabsCollectionReusableView.swift */; };
		5BED8A9B2968210E00A865B8 /* Models.swift in Sources */ = {isa = PBXBuildFile; fileRef = 5BED8A9A2968210E00A865B8 /* Models.swift */; };
		5BF2D4AF2966B58B00D6710B /* IGFeedPostTableViewCell.swift in Sources */ = {isa = PBXBuildFile; fileRef = 5BF2D4AE2966B58B00D6710B /* IGFeedPostTableViewCell.swift */; };
		5BF2D4B22966B93A00D6710B /* IGFeedPostHeaderTableViewCell.swift in Sources */ = {isa = PBXBuildFile; fileRef = 5BF2D4B12966B93A00D6710B /* IGFeedPostHeaderTableViewCell.swift */; };
		5BF2D4B42966B97400D6710B /* IGFeedPostActionsTableViewCell.swift in Sources */ = {isa = PBXBuildFile; fileRef = 5BF2D4B32966B97400D6710B /* IGFeedPostActionsTableViewCell.swift */; };
		5BF2D4B62966B9C100D6710B /* IGFeedPostGeneralTableViewCell.swift in Sources */ = {isa = PBXBuildFile; fileRef = 5BF2D4B52966B9C100D6710B /* IGFeedPostGeneralTableViewCell.swift */; };
		5BF2D4B8296717D500D6710B /* FormTableViewCell.swift in Sources */ = {isa = PBXBuildFile; fileRef = 5BF2D4B7296717D500D6710B /* FormTableViewCell.swift */; };
		BDAA156921D59D078390A92F /* Pods_CloneInstagramApp.framework in Frameworks */ = {isa = PBXBuildFile; fileRef = D61D66615647DD5306435627 /* Pods_CloneInstagramApp.framework */; };
/* End PBXBuildFile section */

/* Begin PBXFileReference section */
		5B159BCD296433FF00B89396 /* Extensions.swift */ = {isa = PBXFileReference; lastKnownFileType = sourcecode.swift; path = Extensions.swift; sourceTree = "<group>"; };
		5B46C3CE296BF64800B3EF09 /* grid.png */ = {isa = PBXFileReference; lastKnownFileType = image.png; path = grid.png; sourceTree = "<group>"; };
		5B46C3D1296BFC4100B3EF09 /* tag.png */ = {isa = PBXFileReference; lastKnownFileType = image.png; path = tag.png; sourceTree = "<group>"; };
		5B46C3D5296BFCE900B3EF09 /* invite.png */ = {isa = PBXFileReference; lastKnownFileType = image.png; path = invite.png; sourceTree = "<group>"; };
		5B52F0C3296BFFBB00E9501F /* menu.png */ = {isa = PBXFileReference; lastKnownFileType = image.png; path = menu.png; sourceTree = "<group>"; };
		5B52F0C5296C0EF600E9501F /* UserFollowTableViewCell.swift */ = {isa = PBXFileReference; lastKnownFileType = sourcecode.swift; path = UserFollowTableViewCell.swift; sourceTree = "<group>"; };
		5BE2B29E2963D0AB008F3BD2 /* CloneInstagramApp.app */ = {isa = PBXFileReference; explicitFileType = wrapper.application; includeInIndex = 0; path = CloneInstagramApp.app; sourceTree = BUILT_PRODUCTS_DIR; };
		5BE2B2A12963D0AB008F3BD2 /* AppDelegate.swift */ = {isa = PBXFileReference; lastKnownFileType = sourcecode.swift; path = AppDelegate.swift; sourceTree = "<group>"; };
		5BE2B2A32963D0AB008F3BD2 /* SceneDelegate.swift */ = {isa = PBXFileReference; lastKnownFileType = sourcecode.swift; path = SceneDelegate.swift; sourceTree = "<group>"; };
		5BE2B2A52963D0AB008F3BD2 /* HomeViewController.swift */ = {isa = PBXFileReference; lastKnownFileType = sourcecode.swift; path = HomeViewController.swift; sourceTree = "<group>"; };
		5BE2B2A82963D0AB008F3BD2 /* Base */ = {isa = PBXFileReference; lastKnownFileType = file.storyboard; name = Base; path = Base.lproj/Main.storyboard; sourceTree = "<group>"; };
		5BE2B2AA2963D0AC008F3BD2 /* Assets.xcassets */ = {isa = PBXFileReference; lastKnownFileType = folder.assetcatalog; path = Assets.xcassets; sourceTree = "<group>"; };
		5BE2B2AD2963D0AC008F3BD2 /* Base */ = {isa = PBXFileReference; lastKnownFileType = file.storyboard; name = Base; path = Base.lproj/LaunchScreen.storyboard; sourceTree = "<group>"; };
		5BE2B2AF2963D0AC008F3BD2 /* Info.plist */ = {isa = PBXFileReference; lastKnownFileType = text.plist.xml; path = Info.plist; sourceTree = "<group>"; };
		5BE2B2BA2963D4E7008F3BD2 /* ExploreViewController.swift */ = {isa = PBXFileReference; lastKnownFileType = sourcecode.swift; path = ExploreViewController.swift; sourceTree = "<group>"; };
		5BE2B2BC2963D50F008F3BD2 /* CameraViewController.swift */ = {isa = PBXFileReference; lastKnownFileType = sourcecode.swift; path = CameraViewController.swift; sourceTree = "<group>"; };
		5BE2B2BF2963D53E008F3BD2 /* NotificationViewController.swift */ = {isa = PBXFileReference; lastKnownFileType = sourcecode.swift; path = NotificationViewController.swift; sourceTree = "<group>"; };
		5BE2B2C12963D556008F3BD2 /* ProfileViewController.swift */ = {isa = PBXFileReference; lastKnownFileType = sourcecode.swift; path = ProfileViewController.swift; sourceTree = "<group>"; };
		5BE2B2C62963D757008F3BD2 /* LoginViewController.swift */ = {isa = PBXFileReference; lastKnownFileType = sourcecode.swift; path = LoginViewController.swift; sourceTree = "<group>"; };
		5BE2B2C82963D773008F3BD2 /* RegistrationViewController.swift */ = {isa = PBXFileReference; lastKnownFileType = sourcecode.swift; path = RegistrationViewController.swift; sourceTree = "<group>"; };
		5BE2B2CA2963D7A0008F3BD2 /* PostViewController.swift */ = {isa = PBXFileReference; lastKnownFileType = sourcecode.swift; path = PostViewController.swift; sourceTree = "<group>"; };
		5BE2B2CC2963D809008F3BD2 /* EditProfileViewController.swift */ = {isa = PBXFileReference; lastKnownFileType = sourcecode.swift; path = EditProfileViewController.swift; sourceTree = "<group>"; };
		5BE2B2CE2963D81E008F3BD2 /* SettingsViewController.swift */ = {isa = PBXFileReference; lastKnownFileType = sourcecode.swift; path = SettingsViewController.swift; sourceTree = "<group>"; };
		5BE2B2D02963D840008F3BD2 /* ListViewController.swift */ = {isa = PBXFileReference; lastKnownFileType = sourcecode.swift; path = ListViewController.swift; sourceTree = "<group>"; };
		5BE2B2D22963D856008F3BD2 /* SearchViewController.swift */ = {isa = PBXFileReference; lastKnownFileType = sourcecode.swift; path = SearchViewController.swift; sourceTree = "<group>"; };
		5BE2B2D42963D86B008F3BD2 /* SearchResultViewController.swift */ = {isa = PBXFileReference; lastKnownFileType = sourcecode.swift; path = SearchResultViewController.swift; sourceTree = "<group>"; };
		5BE2B2D62963D89D008F3BD2 /* PostEditorViewController.swift */ = {isa = PBXFileReference; lastKnownFileType = sourcecode.swift; path = PostEditorViewController.swift; sourceTree = "<group>"; };
		5BE2B2D82963D8CA008F3BD2 /* PublishPostViewController.swift */ = {isa = PBXFileReference; lastKnownFileType = sourcecode.swift; path = PublishPostViewController.swift; sourceTree = "<group>"; };
		5BE2B2DE2963E053008F3BD2 /* home.png */ = {isa = PBXFileReference; lastKnownFileType = image.png; path = home.png; sourceTree = "<group>"; };
		5BE2B2E02963E106008F3BD2 /* search.png */ = {isa = PBXFileReference; lastKnownFileType = image.png; path = search.png; sourceTree = "<group>"; };
		5BE2B2E22963E13A008F3BD2 /* video.png */ = {isa = PBXFileReference; lastKnownFileType = image.png; path = video.png; sourceTree = "<group>"; };
		5BE2B2E42963E190008F3BD2 /* heart.png */ = {isa = PBXFileReference; lastKnownFileType = image.png; path = heart.png; sourceTree = "<group>"; };
		5BE2B2E82963E272008F3BD2 /* user.png */ = {isa = PBXFileReference; lastKnownFileType = image.png; path = user.png; sourceTree = "<group>"; };
		5BE2B2EA2964179A008F3BD2 /* GoogleService-Info.plist */ = {isa = PBXFileReference; fileEncoding = 4; lastKnownFileType = text.plist.xml; path = "GoogleService-Info.plist"; sourceTree = "<group>"; };
		5BE2B2ED29641F11008F3BD2 /* DatabaseManager.swift */ = {isa = PBXFileReference; lastKnownFileType = sourcecode.swift; path = DatabaseManager.swift; sourceTree = "<group>"; };
		5BE2B2EF29641FFE008F3BD2 /* AuthManager.swift */ = {isa = PBXFileReference; lastKnownFileType = sourcecode.swift; path = AuthManager.swift; sourceTree = "<group>"; };
		5BE2B2F1296421AE008F3BD2 /* StorageManager.swift */ = {isa = PBXFileReference; lastKnownFileType = sourcecode.swift; path = StorageManager.swift; sourceTree = "<group>"; };
		5BED8A942967D32500A865B8 /* PhotoCollectionViewCell.swift */ = {isa = PBXFileReference; lastKnownFileType = sourcecode.swift; path = PhotoCollectionViewCell.swift; sourceTree = "<group>"; };
		5BED8A962967D4F800A865B8 /* ProfileInfoHeaderCollectionReusableView.swift */ = {isa = PBXFileReference; lastKnownFileType = sourcecode.swift; path = ProfileInfoHeaderCollectionReusableView.swift; sourceTree = "<group>"; };
		5BED8A982967D5AA00A865B8 /* ProfileTabsCollectionReusableView.swift */ = {isa = PBXFileReference; lastKnownFileType = sourcecode.swift; path = ProfileTabsCollectionReusableView.swift; sourceTree = "<group>"; };
		5BED8A9A2968210E00A865B8 /* Models.swift */ = {isa = PBXFileReference; lastKnownFileType = sourcecode.swift; path = Models.swift; sourceTree = "<group>"; };
		5BF2D4AE2966B58B00D6710B /* IGFeedPostTableViewCell.swift */ = {isa = PBXFileReference; lastKnownFileType = sourcecode.swift; path = IGFeedPostTableViewCell.swift; sourceTree = "<group>"; };
		5BF2D4B12966B93A00D6710B /* IGFeedPostHeaderTableViewCell.swift */ = {isa = PBXFileReference; lastKnownFileType = sourcecode.swift; path = IGFeedPostHeaderTableViewCell.swift; sourceTree = "<group>"; };
		5BF2D4B32966B97400D6710B /* IGFeedPostActionsTableViewCell.swift */ = {isa = PBXFileReference; lastKnownFileType = sourcecode.swift; path = IGFeedPostActionsTableViewCell.swift; sourceTree = "<group>"; };
		5BF2D4B52966B9C100D6710B /* IGFeedPostGeneralTableViewCell.swift */ = {isa = PBXFileReference; lastKnownFileType = sourcecode.swift; path = IGFeedPostGeneralTableViewCell.swift; sourceTree = "<group>"; };
		5BF2D4B7296717D500D6710B /* FormTableViewCell.swift */ = {isa = PBXFileReference; lastKnownFileType = sourcecode.swift; path = FormTableViewCell.swift; sourceTree = "<group>"; };
		D4B436693F7B6F37746C6379 /* Pods-CloneInstagramApp.release.xcconfig */ = {isa = PBXFileReference; includeInIndex = 1; lastKnownFileType = text.xcconfig; name = "Pods-CloneInstagramApp.release.xcconfig"; path = "Target Support Files/Pods-CloneInstagramApp/Pods-CloneInstagramApp.release.xcconfig"; sourceTree = "<group>"; };
		D61D66615647DD5306435627 /* Pods_CloneInstagramApp.framework */ = {isa = PBXFileReference; explicitFileType = wrapper.framework; includeInIndex = 0; path = Pods_CloneInstagramApp.framework; sourceTree = BUILT_PRODUCTS_DIR; };
		F00B5E86597396249C854D29 /* Pods-CloneInstagramApp.debug.xcconfig */ = {isa = PBXFileReference; includeInIndex = 1; lastKnownFileType = text.xcconfig; name = "Pods-CloneInstagramApp.debug.xcconfig"; path = "Target Support Files/Pods-CloneInstagramApp/Pods-CloneInstagramApp.debug.xcconfig"; sourceTree = "<group>"; };
/* End PBXFileReference section */

/* Begin PBXFrameworksBuildPhase section */
		5BE2B29B2963D0AB008F3BD2 /* Frameworks */ = {
			isa = PBXFrameworksBuildPhase;
			buildActionMask = 2147483647;
			files = (
				BDAA156921D59D078390A92F /* Pods_CloneInstagramApp.framework in Frameworks */,
			);
			runOnlyForDeploymentPostprocessing = 0;
		};
/* End PBXFrameworksBuildPhase section */

/* Begin PBXGroup section */
		09ABC0C4FBD9E2CAE6BA3F72 /* Frameworks */ = {
			isa = PBXGroup;
			children = (
				D61D66615647DD5306435627 /* Pods_CloneInstagramApp.framework */,
			);
			name = Frameworks;
			sourceTree = "<group>";
		};
		5BE2B2952963D0AB008F3BD2 = {
			isa = PBXGroup;
			children = (
				5BE2B2A02963D0AB008F3BD2 /* CloneInstagramApp */,
				5BE2B29F2963D0AB008F3BD2 /* Products */,
				7816448E0E2C7A300C8DD1E8 /* Pods */,
				09ABC0C4FBD9E2CAE6BA3F72 /* Frameworks */,
			);
			sourceTree = "<group>";
		};
		5BE2B29F2963D0AB008F3BD2 /* Products */ = {
			isa = PBXGroup;
			children = (
				5BE2B29E2963D0AB008F3BD2 /* CloneInstagramApp.app */,
			);
			name = Products;
			sourceTree = "<group>";
		};
		5BE2B2A02963D0AB008F3BD2 /* CloneInstagramApp */ = {
			isa = PBXGroup;
			children = (
				5BE2B2DA2963DFB8008F3BD2 /* Image */,
				5BE2B2B82963D2D9008F3BD2 /* Resources */,
				5BE2B2B72963D26E008F3BD2 /* Models */,
				5BE2B2B62963D261008F3BD2 /* Views */,
				5BE2B2B52963D24C008F3BD2 /* Controllers */,
				5BE2B2AF2963D0AC008F3BD2 /* Info.plist */,
			);
			path = CloneInstagramApp;
			sourceTree = "<group>";
		};
		5BE2B2B52963D24C008F3BD2 /* Controllers */ = {
			isa = PBXGroup;
			children = (
				5BE2B2C42963D602008F3BD2 /* Other */,
				5BE2B2C32963D598008F3BD2 /* Core Tabs */,
			);
			path = Controllers;
			sourceTree = "<group>";
		};
		5BE2B2B62963D261008F3BD2 /* Views */ = {
			isa = PBXGroup;
			children = (
				5BED8A932967D2D900A865B8 /* CollectionView Headers */,
				5BF2D4AD2966B52A00D6710B /* Cells */,
				5BE2B2AA2963D0AC008F3BD2 /* Assets.xcassets */,
				5BE2B2B92963D354008F3BD2 /* Storyboards */,
			);
			path = Views;
			sourceTree = "<group>";
		};
		5BE2B2B72963D26E008F3BD2 /* Models */ = {
			isa = PBXGroup;
			children = (
				5BED8A9A2968210E00A865B8 /* Models.swift */,
			);
			path = Models;
			sourceTree = "<group>";
		};
		5BE2B2B82963D2D9008F3BD2 /* Resources */ = {
			isa = PBXGroup;
			children = (
				5BE2B2EA2964179A008F3BD2 /* GoogleService-Info.plist */,
				5BE2B2A12963D0AB008F3BD2 /* AppDelegate.swift */,
				5BE2B2A32963D0AB008F3BD2 /* SceneDelegate.swift */,
				5BE2B2ED29641F11008F3BD2 /* DatabaseManager.swift */,
				5BE2B2EF29641FFE008F3BD2 /* AuthManager.swift */,
				5BE2B2F1296421AE008F3BD2 /* StorageManager.swift */,
				5B159BCD296433FF00B89396 /* Extensions.swift */,
			);
			path = Resources;
			sourceTree = "<group>";
		};
		5BE2B2B92963D354008F3BD2 /* Storyboards */ = {
			isa = PBXGroup;
			children = (
				5BE2B2A72963D0AB008F3BD2 /* Main.storyboard */,
				5BE2B2AC2963D0AC008F3BD2 /* LaunchScreen.storyboard */,
			);
			path = Storyboards;
			sourceTree = "<group>";
		};
		5BE2B2C32963D598008F3BD2 /* Core Tabs */ = {
			isa = PBXGroup;
			children = (
				5BE2B2A52963D0AB008F3BD2 /* HomeViewController.swift */,
				5BE2B2BA2963D4E7008F3BD2 /* ExploreViewController.swift */,
				5BE2B2BC2963D50F008F3BD2 /* CameraViewController.swift */,
				5BE2B2BF2963D53E008F3BD2 /* NotificationViewController.swift */,
				5BE2B2C12963D556008F3BD2 /* ProfileViewController.swift */,
			);
			path = "Core Tabs";
			sourceTree = "<group>";
		};
		5BE2B2C42963D602008F3BD2 /* Other */ = {
			isa = PBXGroup;
			children = (
				5BE2B2C52963D61E008F3BD2 /* Onboarding */,
				5BE2B2EC29641DF8008F3BD2 /* General */,
			);
			path = Other;
			sourceTree = "<group>";
		};
		5BE2B2C52963D61E008F3BD2 /* Onboarding */ = {
			isa = PBXGroup;
			children = (
				5BE2B2C62963D757008F3BD2 /* LoginViewController.swift */,
				5BE2B2C82963D773008F3BD2 /* RegistrationViewController.swift */,
			);
			path = Onboarding;
			sourceTree = "<group>";
		};
		5BE2B2DA2963DFB8008F3BD2 /* Image */ = {
			isa = PBXGroup;
			children = (
				5BE2B2DB2963DFC6008F3BD2 /* Icon */,
			);
			path = Image;
			sourceTree = "<group>";
		};
		5BE2B2DB2963DFC6008F3BD2 /* Icon */ = {
			isa = PBXGroup;
			children = (
				5B52F0C3296BFFBB00E9501F /* menu.png */,
				5B46C3D5296BFCE900B3EF09 /* invite.png */,
				5B46C3D1296BFC4100B3EF09 /* tag.png */,
				5B46C3CE296BF64800B3EF09 /* grid.png */,
				5BE2B2E82963E272008F3BD2 /* user.png */,
				5BE2B2E42963E190008F3BD2 /* heart.png */,
				5BE2B2E22963E13A008F3BD2 /* video.png */,
				5BE2B2E02963E106008F3BD2 /* search.png */,
				5BE2B2DE2963E053008F3BD2 /* home.png */,
			);
			path = Icon;
			sourceTree = "<group>";
		};
		5BE2B2EC29641DF8008F3BD2 /* General */ = {
			isa = PBXGroup;
			children = (
				5BE2B2CE2963D81E008F3BD2 /* SettingsViewController.swift */,
				5BE2B2CA2963D7A0008F3BD2 /* PostViewController.swift */,
				5BE2B2CC2963D809008F3BD2 /* EditProfileViewController.swift */,
				5BE2B2D02963D840008F3BD2 /* ListViewController.swift */,
				5BE2B2D22963D856008F3BD2 /* SearchViewController.swift */,
				5BE2B2D42963D86B008F3BD2 /* SearchResultViewController.swift */,
				5BE2B2D62963D89D008F3BD2 /* PostEditorViewController.swift */,
				5BE2B2D82963D8CA008F3BD2 /* PublishPostViewController.swift */,
			);
			path = General;
			sourceTree = "<group>";
		};
		5BED8A932967D2D900A865B8 /* CollectionView Headers */ = {
			isa = PBXGroup;
			children = (
				5BED8A962967D4F800A865B8 /* ProfileInfoHeaderCollectionReusableView.swift */,
				5BED8A982967D5AA00A865B8 /* ProfileTabsCollectionReusableView.swift */,
			);
			path = "CollectionView Headers";
			sourceTree = "<group>";
		};
		5BF2D4AD2966B52A00D6710B /* Cells */ = {
			isa = PBXGroup;
			children = (
				5BF2D4B02966B8D400D6710B /* Home Feed */,
				5BED8A942967D32500A865B8 /* PhotoCollectionViewCell.swift */,
				5BF2D4B7296717D500D6710B /* FormTableViewCell.swift */,
				5B52F0C5296C0EF600E9501F /* UserFollowTableViewCell.swift */,
			);
			path = Cells;
			sourceTree = "<group>";
		};
		5BF2D4B02966B8D400D6710B /* Home Feed */ = {
			isa = PBXGroup;
			children = (
				5BF2D4AE2966B58B00D6710B /* IGFeedPostTableViewCell.swift */,
				5BF2D4B12966B93A00D6710B /* IGFeedPostHeaderTableViewCell.swift */,
				5BF2D4B32966B97400D6710B /* IGFeedPostActionsTableViewCell.swift */,
				5BF2D4B52966B9C100D6710B /* IGFeedPostGeneralTableViewCell.swift */,
			);
			path = "Home Feed";
			sourceTree = "<group>";
		};
		7816448E0E2C7A300C8DD1E8 /* Pods */ = {
			isa = PBXGroup;
			children = (
				F00B5E86597396249C854D29 /* Pods-CloneInstagramApp.debug.xcconfig */,
				D4B436693F7B6F37746C6379 /* Pods-CloneInstagramApp.release.xcconfig */,
			);
			path = Pods;
			sourceTree = "<group>";
		};
/* End PBXGroup section */

/* Begin PBXNativeTarget section */
		5BE2B29D2963D0AB008F3BD2 /* CloneInstagramApp */ = {
			isa = PBXNativeTarget;
			buildConfigurationList = 5BE2B2B22963D0AC008F3BD2 /* Build configuration list for PBXNativeTarget "CloneInstagramApp" */;
			buildPhases = (
				E776B77FD776008B1697E7C2 /* [CP] Check Pods Manifest.lock */,
				5BE2B29A2963D0AB008F3BD2 /* Sources */,
				5BE2B29B2963D0AB008F3BD2 /* Frameworks */,
				5BE2B29C2963D0AB008F3BD2 /* Resources */,
				6A49283487FD29D838179A6F /* [CP] Embed Pods Frameworks */,
			);
			buildRules = (
			);
			dependencies = (
			);
			name = CloneInstagramApp;
			productName = CloneInstagramApp;
			productReference = 5BE2B29E2963D0AB008F3BD2 /* CloneInstagramApp.app */;
			productType = "com.apple.product-type.application";
		};
/* End PBXNativeTarget section */

/* Begin PBXProject section */
		5BE2B2962963D0AB008F3BD2 /* Project object */ = {
			isa = PBXProject;
			attributes = {
				BuildIndependentTargetsInParallel = 1;
				LastSwiftUpdateCheck = 1420;
				LastUpgradeCheck = 1420;
				TargetAttributes = {
					5BE2B29D2963D0AB008F3BD2 = {
						CreatedOnToolsVersion = 14.2;
					};
				};
			};
			buildConfigurationList = 5BE2B2992963D0AB008F3BD2 /* Build configuration list for PBXProject "CloneInstagramApp" */;
			compatibilityVersion = "Xcode 14.0";
			developmentRegion = en;
			hasScannedForEncodings = 0;
			knownRegions = (
				en,
				Base,
			);
			mainGroup = 5BE2B2952963D0AB008F3BD2;
			productRefGroup = 5BE2B29F2963D0AB008F3BD2 /* Products */;
			projectDirPath = "";
			projectRoot = "";
			targets = (
				5BE2B29D2963D0AB008F3BD2 /* CloneInstagramApp */,
			);
		};
/* End PBXProject section */

/* Begin PBXResourcesBuildPhase section */
		5BE2B29C2963D0AB008F3BD2 /* Resources */ = {
			isa = PBXResourcesBuildPhase;
			buildActionMask = 2147483647;
			files = (
				5BE2B2E12963E106008F3BD2 /* search.png in Resources */,
				5BE2B2E32963E13A008F3BD2 /* video.png in Resources */,
				5BE2B2EB2964179B008F3BD2 /* GoogleService-Info.plist in Resources */,
				5B52F0C4296BFFBB00E9501F /* menu.png in Resources */,
				5BE2B2E92963E272008F3BD2 /* user.png in Resources */,
				5BE2B2DF2963E053008F3BD2 /* home.png in Resources */,
				5BE2B2AE2963D0AC008F3BD2 /* LaunchScreen.storyboard in Resources */,
				5B46C3D6296BFCE900B3EF09 /* invite.png in Resources */,
				5BE2B2E52963E190008F3BD2 /* heart.png in Resources */,
				5B46C3D2296BFC4100B3EF09 /* tag.png in Resources */,
				5B46C3D0296BF64800B3EF09 /* grid.png in Resources */,
				5BE2B2AB2963D0AC008F3BD2 /* Assets.xcassets in Resources */,
				5BE2B2A92963D0AB008F3BD2 /* Main.storyboard in Resources */,
			);
			runOnlyForDeploymentPostprocessing = 0;
		};
/* End PBXResourcesBuildPhase section */

/* Begin PBXShellScriptBuildPhase section */
		6A49283487FD29D838179A6F /* [CP] Embed Pods Frameworks */ = {
			isa = PBXShellScriptBuildPhase;
			buildActionMask = 2147483647;
			files = (
			);
			inputFileListPaths = (
				"${PODS_ROOT}/Target Support Files/Pods-CloneInstagramApp/Pods-CloneInstagramApp-frameworks-${CONFIGURATION}-input-files.xcfilelist",
			);
			name = "[CP] Embed Pods Frameworks";
			outputFileListPaths = (
				"${PODS_ROOT}/Target Support Files/Pods-CloneInstagramApp/Pods-CloneInstagramApp-frameworks-${CONFIGURATION}-output-files.xcfilelist",
			);
			runOnlyForDeploymentPostprocessing = 0;
			shellPath = /bin/sh;
			shellScript = "\"${PODS_ROOT}/Target Support Files/Pods-CloneInstagramApp/Pods-CloneInstagramApp-frameworks.sh\"\n";
			showEnvVarsInLog = 0;
		};
		E776B77FD776008B1697E7C2 /* [CP] Check Pods Manifest.lock */ = {
			isa = PBXShellScriptBuildPhase;
			buildActionMask = 2147483647;
			files = (
			);
			inputFileListPaths = (
			);
			inputPaths = (
				"${PODS_PODFILE_DIR_PATH}/Podfile.lock",
				"${PODS_ROOT}/Manifest.lock",
			);
			name = "[CP] Check Pods Manifest.lock";
			outputFileListPaths = (
			);
			outputPaths = (
				"$(DERIVED_FILE_DIR)/Pods-CloneInstagramApp-checkManifestLockResult.txt",
			);
			runOnlyForDeploymentPostprocessing = 0;
			shellPath = /bin/sh;
			shellScript = "diff \"${PODS_PODFILE_DIR_PATH}/Podfile.lock\" \"${PODS_ROOT}/Manifest.lock\" > /dev/null\nif [ $? != 0 ] ; then\n    # print error to STDERR\n    echo \"error: The sandbox is not in sync with the Podfile.lock. Run 'pod install' or update your CocoaPods installation.\" >&2\n    exit 1\nfi\n# This output is used by Xcode 'outputs' to avoid re-running this script phase.\necho \"SUCCESS\" > \"${SCRIPT_OUTPUT_FILE_0}\"\n";
			showEnvVarsInLog = 0;
		};
/* End PBXShellScriptBuildPhase section */

/* Begin PBXSourcesBuildPhase section */
		5BE2B29A2963D0AB008F3BD2 /* Sources */ = {
			isa = PBXSourcesBuildPhase;
			buildActionMask = 2147483647;
			files = (
				5BE2B2CD2963D809008F3BD2 /* EditProfileViewController.swift in Sources */,
				5BE2B2BB2963D4E7008F3BD2 /* ExploreViewController.swift in Sources */,
				5BE2B2D92963D8CA008F3BD2 /* PublishPostViewController.swift in Sources */,
				5BE2B2BD2963D50F008F3BD2 /* CameraViewController.swift in Sources */,
				5BE2B2C02963D53E008F3BD2 /* NotificationViewController.swift in Sources */,
				5BE2B2C92963D773008F3BD2 /* RegistrationViewController.swift in Sources */,
				5BF2D4B22966B93A00D6710B /* IGFeedPostHeaderTableViewCell.swift in Sources */,
				5BE2B2D72963D89D008F3BD2 /* PostEditorViewController.swift in Sources */,
				5BE2B2F2296421AE008F3BD2 /* StorageManager.swift in Sources */,
				5BED8A9B2968210E00A865B8 /* Models.swift in Sources */,
				5B52F0C6296C0EF600E9501F /* UserFollowTableViewCell.swift in Sources */,
				5BF2D4B8296717D500D6710B /* FormTableViewCell.swift in Sources */,
				5BE2B2CB2963D7A0008F3BD2 /* PostViewController.swift in Sources */,
				5BED8A992967D5AB00A865B8 /* ProfileTabsCollectionReusableView.swift in Sources */,
				5BE2B2EE29641F11008F3BD2 /* DatabaseManager.swift in Sources */,
				5BE2B2A62963D0AB008F3BD2 /* HomeViewController.swift in Sources */,
				5BF2D4AF2966B58B00D6710B /* IGFeedPostTableViewCell.swift in Sources */,
				5BED8A952967D32500A865B8 /* PhotoCollectionViewCell.swift in Sources */,
				5BE2B2D52963D86B008F3BD2 /* SearchResultViewController.swift in Sources */,
				5BE2B2C72963D757008F3BD2 /* LoginViewController.swift in Sources */,
				5B159BCE296433FF00B89396 /* Extensions.swift in Sources */,
				5BF2D4B62966B9C100D6710B /* IGFeedPostGeneralTableViewCell.swift in Sources */,
				5BE2B2D32963D856008F3BD2 /* SearchViewController.swift in Sources */,
				5BED8A972967D4F800A865B8 /* ProfileInfoHeaderCollectionReusableView.swift in Sources */,
				5BE2B2C22963D556008F3BD2 /* ProfileViewController.swift in Sources */,
				5BE2B2F029641FFE008F3BD2 /* AuthManager.swift in Sources */,
				5BE2B2A22963D0AB008F3BD2 /* AppDelegate.swift in Sources */,
				5BE2B2A42963D0AB008F3BD2 /* SceneDelegate.swift in Sources */,
				5BF2D4B42966B97400D6710B /* IGFeedPostActionsTableViewCell.swift in Sources */,
				5BE2B2D12963D840008F3BD2 /* ListViewController.swift in Sources */,
				5BE2B2CF2963D81E008F3BD2 /* SettingsViewController.swift in Sources */,
			);
			runOnlyForDeploymentPostprocessing = 0;
		};
/* End PBXSourcesBuildPhase section */

/* Begin PBXVariantGroup section */
		5BE2B2A72963D0AB008F3BD2 /* Main.storyboard */ = {
			isa = PBXVariantGroup;
			children = (
				5BE2B2A82963D0AB008F3BD2 /* Base */,
			);
			name = Main.storyboard;
			sourceTree = "<group>";
		};
		5BE2B2AC2963D0AC008F3BD2 /* LaunchScreen.storyboard */ = {
			isa = PBXVariantGroup;
			children = (
				5BE2B2AD2963D0AC008F3BD2 /* Base */,
			);
			name = LaunchScreen.storyboard;
			sourceTree = "<group>";
		};
/* End PBXVariantGroup section */

/* Begin XCBuildConfiguration section */
		5BE2B2B02963D0AC008F3BD2 /* Debug */ = {
			isa = XCBuildConfiguration;
			buildSettings = {
				ALWAYS_SEARCH_USER_PATHS = NO;
				CLANG_ANALYZER_NONNULL = YES;
				CLANG_ANALYZER_NUMBER_OBJECT_CONVERSION = YES_AGGRESSIVE;
				CLANG_CXX_LANGUAGE_STANDARD = "gnu++20";
				CLANG_ENABLE_MODULES = YES;
				CLANG_ENABLE_OBJC_ARC = YES;
				CLANG_ENABLE_OBJC_WEAK = YES;
				CLANG_WARN_BLOCK_CAPTURE_AUTORELEASING = YES;
				CLANG_WARN_BOOL_CONVERSION = YES;
				CLANG_WARN_COMMA = YES;
				CLANG_WARN_CONSTANT_CONVERSION = YES;
				CLANG_WARN_DEPRECATED_OBJC_IMPLEMENTATIONS = YES;
				CLANG_WARN_DIRECT_OBJC_ISA_USAGE = YES_ERROR;
				CLANG_WARN_DOCUMENTATION_COMMENTS = YES;
				CLANG_WARN_EMPTY_BODY = YES;
				CLANG_WARN_ENUM_CONVERSION = YES;
				CLANG_WARN_INFINITE_RECURSION = YES;
				CLANG_WARN_INT_CONVERSION = YES;
				CLANG_WARN_NON_LITERAL_NULL_CONVERSION = YES;
				CLANG_WARN_OBJC_IMPLICIT_RETAIN_SELF = YES;
				CLANG_WARN_OBJC_LITERAL_CONVERSION = YES;
				CLANG_WARN_OBJC_ROOT_CLASS = YES_ERROR;
				CLANG_WARN_QUOTED_INCLUDE_IN_FRAMEWORK_HEADER = YES;
				CLANG_WARN_RANGE_LOOP_ANALYSIS = YES;
				CLANG_WARN_STRICT_PROTOTYPES = YES;
				CLANG_WARN_SUSPICIOUS_MOVE = YES;
				CLANG_WARN_UNGUARDED_AVAILABILITY = YES_AGGRESSIVE;
				CLANG_WARN_UNREACHABLE_CODE = YES;
				CLANG_WARN__DUPLICATE_METHOD_MATCH = YES;
				COPY_PHASE_STRIP = NO;
				DEBUG_INFORMATION_FORMAT = dwarf;
				ENABLE_STRICT_OBJC_MSGSEND = YES;
				ENABLE_TESTABILITY = YES;
				GCC_C_LANGUAGE_STANDARD = gnu11;
				GCC_DYNAMIC_NO_PIC = NO;
				GCC_NO_COMMON_BLOCKS = YES;
				GCC_OPTIMIZATION_LEVEL = 0;
				GCC_PREPROCESSOR_DEFINITIONS = (
					"DEBUG=1",
					"$(inherited)",
				);
				GCC_WARN_64_TO_32_BIT_CONVERSION = YES;
				GCC_WARN_ABOUT_RETURN_TYPE = YES_ERROR;
				GCC_WARN_UNDECLARED_SELECTOR = YES;
				GCC_WARN_UNINITIALIZED_AUTOS = YES_AGGRESSIVE;
				GCC_WARN_UNUSED_FUNCTION = YES;
				GCC_WARN_UNUSED_VARIABLE = YES;
				IPHONEOS_DEPLOYMENT_TARGET = 16.2;
				MTL_ENABLE_DEBUG_INFO = INCLUDE_SOURCE;
				MTL_FAST_MATH = YES;
				ONLY_ACTIVE_ARCH = YES;
				SDKROOT = iphoneos;
				SWIFT_ACTIVE_COMPILATION_CONDITIONS = DEBUG;
				SWIFT_OPTIMIZATION_LEVEL = "-Onone";
			};
			name = Debug;
		};
		5BE2B2B12963D0AC008F3BD2 /* Release */ = {
			isa = XCBuildConfiguration;
			buildSettings = {
				ALWAYS_SEARCH_USER_PATHS = NO;
				CLANG_ANALYZER_NONNULL = YES;
				CLANG_ANALYZER_NUMBER_OBJECT_CONVERSION = YES_AGGRESSIVE;
				CLANG_CXX_LANGUAGE_STANDARD = "gnu++20";
				CLANG_ENABLE_MODULES = YES;
				CLANG_ENABLE_OBJC_ARC = YES;
				CLANG_ENABLE_OBJC_WEAK = YES;
				CLANG_WARN_BLOCK_CAPTURE_AUTORELEASING = YES;
				CLANG_WARN_BOOL_CONVERSION = YES;
				CLANG_WARN_COMMA = YES;
				CLANG_WARN_CONSTANT_CONVERSION = YES;
				CLANG_WARN_DEPRECATED_OBJC_IMPLEMENTATIONS = YES;
				CLANG_WARN_DIRECT_OBJC_ISA_USAGE = YES_ERROR;
				CLANG_WARN_DOCUMENTATION_COMMENTS = YES;
				CLANG_WARN_EMPTY_BODY = YES;
				CLANG_WARN_ENUM_CONVERSION = YES;
				CLANG_WARN_INFINITE_RECURSION = YES;
				CLANG_WARN_INT_CONVERSION = YES;
				CLANG_WARN_NON_LITERAL_NULL_CONVERSION = YES;
				CLANG_WARN_OBJC_IMPLICIT_RETAIN_SELF = YES;
				CLANG_WARN_OBJC_LITERAL_CONVERSION = YES;
				CLANG_WARN_OBJC_ROOT_CLASS = YES_ERROR;
				CLANG_WARN_QUOTED_INCLUDE_IN_FRAMEWORK_HEADER = YES;
				CLANG_WARN_RANGE_LOOP_ANALYSIS = YES;
				CLANG_WARN_STRICT_PROTOTYPES = YES;
				CLANG_WARN_SUSPICIOUS_MOVE = YES;
				CLANG_WARN_UNGUARDED_AVAILABILITY = YES_AGGRESSIVE;
				CLANG_WARN_UNREACHABLE_CODE = YES;
				CLANG_WARN__DUPLICATE_METHOD_MATCH = YES;
				COPY_PHASE_STRIP = NO;
				DEBUG_INFORMATION_FORMAT = "dwarf-with-dsym";
				ENABLE_NS_ASSERTIONS = NO;
				ENABLE_STRICT_OBJC_MSGSEND = YES;
				GCC_C_LANGUAGE_STANDARD = gnu11;
				GCC_NO_COMMON_BLOCKS = YES;
				GCC_WARN_64_TO_32_BIT_CONVERSION = YES;
				GCC_WARN_ABOUT_RETURN_TYPE = YES_ERROR;
				GCC_WARN_UNDECLARED_SELECTOR = YES;
				GCC_WARN_UNINITIALIZED_AUTOS = YES_AGGRESSIVE;
				GCC_WARN_UNUSED_FUNCTION = YES;
				GCC_WARN_UNUSED_VARIABLE = YES;
				IPHONEOS_DEPLOYMENT_TARGET = 16.2;
				MTL_ENABLE_DEBUG_INFO = NO;
				MTL_FAST_MATH = YES;
				SDKROOT = iphoneos;
				SWIFT_COMPILATION_MODE = wholemodule;
				SWIFT_OPTIMIZATION_LEVEL = "-O";
				VALIDATE_PRODUCT = YES;
			};
			name = Release;
		};
		5BE2B2B32963D0AC008F3BD2 /* Debug */ = {
			isa = XCBuildConfiguration;
			baseConfigurationReference = F00B5E86597396249C854D29 /* Pods-CloneInstagramApp.debug.xcconfig */;
			buildSettings = {
				ASSETCATALOG_COMPILER_APPICON_NAME = AppIcon;
				ASSETCATALOG_COMPILER_GLOBAL_ACCENT_COLOR_NAME = AccentColor;
				CODE_SIGN_STYLE = Automatic;
				CURRENT_PROJECT_VERSION = 1;
				DEVELOPMENT_TEAM = "";
				GENERATE_INFOPLIST_FILE = YES;
				INFOPLIST_FILE = CloneInstagramApp/Info.plist;
				INFOPLIST_KEY_UIApplicationSupportsIndirectInputEvents = YES;
				INFOPLIST_KEY_UILaunchStoryboardName = LaunchScreen;
				INFOPLIST_KEY_UIMainStoryboardFile = Main;
				INFOPLIST_KEY_UISupportedInterfaceOrientations = UIInterfaceOrientationPortrait;
				IPHONEOS_DEPLOYMENT_TARGET = 16.0;
				LD_RUNPATH_SEARCH_PATHS = (
					"$(inherited)",
					"@executable_path/Frameworks",
				);
				MARKETING_VERSION = 1.0;
				PRODUCT_BUNDLE_IDENTIFIER = com.buildapp.CloneInstagramApp;
				PRODUCT_NAME = "$(TARGET_NAME)";
				SWIFT_EMIT_LOC_STRINGS = YES;
				SWIFT_VERSION = 5.0;
				TARGETED_DEVICE_FAMILY = "1,2";
			};
			name = Debug;
		};
		5BE2B2B42963D0AC008F3BD2 /* Release */ = {
			isa = XCBuildConfiguration;
			baseConfigurationReference = D4B436693F7B6F37746C6379 /* Pods-CloneInstagramApp.release.xcconfig */;
			buildSettings = {
				ASSETCATALOG_COMPILER_APPICON_NAME = AppIcon;
				ASSETCATALOG_COMPILER_GLOBAL_ACCENT_COLOR_NAME = AccentColor;
				CODE_SIGN_STYLE = Automatic;
				CURRENT_PROJECT_VERSION = 1;
				DEVELOPMENT_TEAM = "";
				GENERATE_INFOPLIST_FILE = YES;
				INFOPLIST_FILE = CloneInstagramApp/Info.plist;
				INFOPLIST_KEY_UIApplicationSupportsIndirectInputEvents = YES;
				INFOPLIST_KEY_UILaunchStoryboardName = LaunchScreen;
				INFOPLIST_KEY_UIMainStoryboardFile = Main;
				INFOPLIST_KEY_UISupportedInterfaceOrientations = UIInterfaceOrientationPortrait;
				IPHONEOS_DEPLOYMENT_TARGET = 16.0;
				LD_RUNPATH_SEARCH_PATHS = (
					"$(inherited)",
					"@executable_path/Frameworks",
				);
				MARKETING_VERSION = 1.0;
				PRODUCT_BUNDLE_IDENTIFIER = com.buildapp.CloneInstagramApp;
				PRODUCT_NAME = "$(TARGET_NAME)";
				SWIFT_EMIT_LOC_STRINGS = YES;
				SWIFT_VERSION = 5.0;
				TARGETED_DEVICE_FAMILY = "1,2";
			};
			name = Release;
		};
/* End XCBuildConfiguration section */

/* Begin XCConfigurationList section */
		5BE2B2992963D0AB008F3BD2 /* Build configuration list for PBXProject "CloneInstagramApp" */ = {
			isa = XCConfigurationList;
			buildConfigurations = (
				5BE2B2B02963D0AC008F3BD2 /* Debug */,
				5BE2B2B12963D0AC008F3BD2 /* Release */,
			);
			defaultConfigurationIsVisible = 0;
			defaultConfigurationName = Release;
		};
		5BE2B2B22963D0AC008F3BD2 /* Build configuration list for PBXNativeTarget "CloneInstagramApp" */ = {
			isa = XCConfigurationList;
			buildConfigurations = (
				5BE2B2B32963D0AC008F3BD2 /* Debug */,
				5BE2B2B42963D0AC008F3BD2 /* Release */,
			);
			defaultConfigurationIsVisible = 0;
			defaultConfigurationName = Release;
		};
/* End XCConfigurationList section */
	};
	rootObject = 5BE2B2962963D0AB008F3BD2 /* Project object */;
}
